hash: ce6655e3720851a2481f80b2824f638bbfec396f50081013c46bd67ca79a6036
updated: 2016-12-20T15:06:38.053747564+02:00
imports:
- name: github.com/emou/go-presentation
  version: 1bddb0431627858a2f8193008f6cb2054dee3f51
  subpackages:
  - gorps/rps
- name: github.com/satori/uuid
  version: 879c5887cd475cd7864858769793b2ceb0d44feb
testImports: []
